// !$*UTF8*$!
{
	archiveVersion = 1;
	classes = {
	};
	objectVersion = 46;
	objects = {

/* Begin PBXBuildFile section */
		1D1C99AA16623FDD008B975B /* start.gcode in Resources */ = {isa = PBXBuildFile; fileRef = 1D1C99A916623FDD008B975B /* start.gcode */; };
		1D1C99AC16623FE1008B975B /* end.gcode in Resources */ = {isa = PBXBuildFile; fileRef = 1D1C99AB16623FE1008B975B /* end.gcode */; };
		1D77DEAC16A7123100B43A9A /* settings.html in Resources */ = {isa = PBXBuildFile; fileRef = 1D77DEAB16A7123100B43A9A /* settings.html */; };
		1D77DEAE16A71E3E00B43A9A /* thermobg.png in Resources */ = {isa = PBXBuildFile; fileRef = 1D77DEAD16A71E3E00B43A9A /* thermobg.png */; };
		1D77DEB016A86EAD00B43A9A /* shapes.png in Resources */ = {isa = PBXBuildFile; fileRef = 1D77DEAF16A86EAD00B43A9A /* shapes.png */; };
		1D82A7AB1658F7E10070EBC8 /* bg.png in Resources */ = {isa = PBXBuildFile; fileRef = 1D82A79C1658F6960070EBC8 /* bg.png */; };
		1D82A7AC1658F7E30070EBC8 /* bgbusy.png in Resources */ = {isa = PBXBuildFile; fileRef = 1D82A79D1658F6960070EBC8 /* bgbusy.png */; };
		1D82A7AD1658F7E50070EBC8 /* Doodle3D.icns in Resources */ = {isa = PBXBuildFile; fileRef = 1D82A79E1658F6960070EBC8 /* Doodle3D.icns */; };
		1D82A7AE1658F7E70070EBC8 /* kruis.png in Resources */ = {isa = PBXBuildFile; fileRef = 1D82A79F1658F6960070EBC8 /* kruis.png */; };
		1D82A7AF1658F7EC0070EBC8 /* krul.png in Resources */ = {isa = PBXBuildFile; fileRef = 1D82A7A01658F6960070EBC8 /* krul.png */; };
		1D82A7B01658F7EE0070EBC8 /* mask.png in Resources */ = {isa = PBXBuildFile; fileRef = 1D82A7A11658F6960070EBC8 /* mask.png */; };
		1D82A7B11658F7F00070EBC8 /* thermomask.png in Resources */ = {isa = PBXBuildFile; fileRef = 1D82A7A21658F6960070EBC8 /* thermomask.png */; };
		1D82A7B31658F8550070EBC8 /* openFrameworks.a in Frameworks */ = {isa = PBXBuildFile; fileRef = 1D82A7B21658F8550070EBC8 /* openFrameworks.a */; };
		1D82A7B51658F88D0070EBC8 /* Doodle3D.ini in Resources */ = {isa = PBXBuildFile; fileRef = 1D82A79A1658F6960070EBC8 /* Doodle3D.ini */; };
		1D83E086158A505D005F0922 /* ofxIniSettings.cpp in Sources */ = {isa = PBXBuildFile; fileRef = 1D83E07B158A505D005F0922 /* ofxIniSettings.cpp */; };
		1D83E087158A505D005F0922 /* ofxGCode.cpp in Sources */ = {isa = PBXBuildFile; fileRef = 1D83E07F158A505D005F0922 /* ofxGCode.cpp */; };
		1D83E088158A505D005F0922 /* ofxExtras.cpp in Sources */ = {isa = PBXBuildFile; fileRef = 1D83E083158A505D005F0922 /* ofxExtras.cpp */; };
		1D83E08B158A530E005F0922 /* ofxUltimaker.cpp in Sources */ = {isa = PBXBuildFile; fileRef = 1D83E08A158A530E005F0922 /* ofxUltimaker.cpp */; };
		1D9EB08D16A309D2002106A7 /* favicon.ico in Resources */ = {isa = PBXBuildFile; fileRef = 1D9EB08416A3099A002106A7 /* favicon.ico */; };
		1D9EB08E16A309D3002106A7 /* 404.html in Resources */ = {isa = PBXBuildFile; fileRef = 1D9EB08516A3099A002106A7 /* 404.html */; };
		1D9EB08F16A309D6002106A7 /* script.js in Resources */ = {isa = PBXBuildFile; fileRef = 1D9EB08616A3099A002106A7 /* script.js */; };
		1D9EB09216A309DF002106A7 /* styles.css in Resources */ = {isa = PBXBuildFile; fileRef = 1D9EB08A16A3099A002106A7 /* styles.css */; };
		1D9EB09416A309E2002106A7 /* jquery-1.8.2.min.js in Resources */ = {isa = PBXBuildFile; fileRef = 1D9EB08C16A3099A002106A7 /* jquery-1.8.2.min.js */; };
		1D9EB09516A30A3B002106A7 /* index.html in Resources */ = {isa = PBXBuildFile; fileRef = 1D9EB08B16A3099A002106A7 /* index.html */; };
		1D9EB09816A30AB8002106A7 /* bg_vertical.jpg in Resources */ = {isa = PBXBuildFile; fileRef = 1D9EB09616A30AB8002106A7 /* bg_vertical.jpg */; };
		1D9EB09916A30AB8002106A7 /* bg_horizontal.jpg in Resources */ = {isa = PBXBuildFile; fileRef = 1D9EB09716A30AB8002106A7 /* bg_horizontal.jpg */; };
		1D9EB0A016A34CB7002106A7 /* icon.png in Resources */ = {isa = PBXBuildFile; fileRef = 1D9EB09F16A34CB7002106A7 /* icon.png */; };
		1DB6E92216A6A2F000B76455 /* template.svg in Resources */ = {isa = PBXBuildFile; fileRef = 1DB6E92116A6A2F000B76455 /* template.svg */; };
		1DC9E35116425B5100A90E2A /* ofxHTTPServer.cpp in Sources */ = {isa = PBXBuildFile; fileRef = 1DC9E34816425B5100A90E2A /* ofxHTTPServer.cpp */; };
		1DC9E3571642658A00A90E2A /* libmicrohttpd.a in Frameworks */ = {isa = PBXBuildFile; fileRef = 1DC9E3561642658A00A90E2A /* libmicrohttpd.a */; };
		1DF7B5EB165E20480064F71E /* ofxArgParser.cpp in Sources */ = {isa = PBXBuildFile; fileRef = 1DF7B5DE165E20480064F71E /* ofxArgParser.cpp */; };
		BBAB23CB13894F3D00AA2426 /* GLUT.framework in CopyFiles */ = {isa = PBXBuildFile; fileRef = BBAB23BE13894E4700AA2426 /* GLUT.framework */; };
		E45BE97B0E8CC7DD009D7055 /* AGL.framework in Frameworks */ = {isa = PBXBuildFile; fileRef = E45BE9710E8CC7DD009D7055 /* AGL.framework */; };
		E45BE97C0E8CC7DD009D7055 /* ApplicationServices.framework in Frameworks */ = {isa = PBXBuildFile; fileRef = E45BE9720E8CC7DD009D7055 /* ApplicationServices.framework */; };
		E45BE97D0E8CC7DD009D7055 /* AudioToolbox.framework in Frameworks */ = {isa = PBXBuildFile; fileRef = E45BE9730E8CC7DD009D7055 /* AudioToolbox.framework */; };
		E45BE97E0E8CC7DD009D7055 /* Carbon.framework in Frameworks */ = {isa = PBXBuildFile; fileRef = E45BE9740E8CC7DD009D7055 /* Carbon.framework */; };
		E45BE97F0E8CC7DD009D7055 /* CoreAudio.framework in Frameworks */ = {isa = PBXBuildFile; fileRef = E45BE9750E8CC7DD009D7055 /* CoreAudio.framework */; };
		E45BE9800E8CC7DD009D7055 /* CoreFoundation.framework in Frameworks */ = {isa = PBXBuildFile; fileRef = E45BE9760E8CC7DD009D7055 /* CoreFoundation.framework */; };
		E45BE9810E8CC7DD009D7055 /* CoreServices.framework in Frameworks */ = {isa = PBXBuildFile; fileRef = E45BE9770E8CC7DD009D7055 /* CoreServices.framework */; };
		E45BE9830E8CC7DD009D7055 /* OpenGL.framework in Frameworks */ = {isa = PBXBuildFile; fileRef = E45BE9790E8CC7DD009D7055 /* OpenGL.framework */; };
		E45BE9840E8CC7DD009D7055 /* QuickTime.framework in Frameworks */ = {isa = PBXBuildFile; fileRef = E45BE97A0E8CC7DD009D7055 /* QuickTime.framework */; };
		E4B69E200A3A1BDC003C02F2 /* main.cpp in Sources */ = {isa = PBXBuildFile; fileRef = E4B69E1D0A3A1BDC003C02F2 /* main.cpp */; };
		E4C2424710CC5A17004149E2 /* AppKit.framework in Frameworks */ = {isa = PBXBuildFile; fileRef = E4C2424410CC5A17004149E2 /* AppKit.framework */; };
		E4C2424810CC5A17004149E2 /* Cocoa.framework in Frameworks */ = {isa = PBXBuildFile; fileRef = E4C2424510CC5A17004149E2 /* Cocoa.framework */; };
		E4C2424910CC5A17004149E2 /* IOKit.framework in Frameworks */ = {isa = PBXBuildFile; fileRef = E4C2424610CC5A17004149E2 /* IOKit.framework */; };
		E4EB6799138ADC1D00A09F29 /* GLUT.framework in Frameworks */ = {isa = PBXBuildFile; fileRef = BBAB23BE13894E4700AA2426 /* GLUT.framework */; };
/* End PBXBuildFile section */

/* Begin PBXContainerItemProxy section */
		E4328147138ABC890047C5CB /* PBXContainerItemProxy */ = {
			isa = PBXContainerItemProxy;
			containerPortal = E4328143138ABC890047C5CB /* openFrameworksLib.xcodeproj */;
			proxyType = 2;
			remoteGlobalIDString = E4B27C1510CBEB8E00536013;
			remoteInfo = openFrameworks;
		};
		E4EEB9AB138B136A00A80321 /* PBXContainerItemProxy */ = {
			isa = PBXContainerItemProxy;
			containerPortal = E4328143138ABC890047C5CB /* openFrameworksLib.xcodeproj */;
			proxyType = 1;
			remoteGlobalIDString = E4B27C1410CBEB8E00536013;
			remoteInfo = openFrameworks;
		};
/* End PBXContainerItemProxy section */

/* Begin PBXCopyFilesBuildPhase section */
		E4C2427710CC5ABF004149E2 /* CopyFiles */ = {
			isa = PBXCopyFilesBuildPhase;
			buildActionMask = 2147483647;
			dstPath = "";
			dstSubfolderSpec = 10;
			files = (
				BBAB23CB13894F3D00AA2426 /* GLUT.framework in CopyFiles */,
			);
			runOnlyForDeploymentPostprocessing = 0;
		};
/* End PBXCopyFilesBuildPhase section */

/* Begin PBXFileReference section */
		1D09096415926DF8000DE10D /* Thermometer.h */ = {isa = PBXFileReference; lastKnownFileType = sourcecode.c.h; path = Thermometer.h; sourceTree = "<group>"; };
		1D09096515926E92000DE10D /* Btn.h */ = {isa = PBXFileReference; lastKnownFileType = sourcecode.c.h; path = Btn.h; sourceTree = "<group>"; };
		1D090984159307F1000DE10D /* Canvas.h */ = {isa = PBXFileReference; lastKnownFileType = sourcecode.c.h; path = Canvas.h; sourceTree = "<group>"; };
		1D0909851593097C000DE10D /* Side.h */ = {isa = PBXFileReference; lastKnownFileType = sourcecode.c.h; path = Side.h; sourceTree = "<group>"; };
		1D09098615931547000DE10D /* Files.h */ = {isa = PBXFileReference; lastKnownFileType = sourcecode.c.h; path = Files.h; sourceTree = "<group>"; };
		1D09098815931954000DE10D /* Printer.h */ = {isa = PBXFileReference; lastKnownFileType = sourcecode.c.h; path = Printer.h; sourceTree = "<group>"; };
		1D1C99A916623FDD008B975B /* start.gcode */ = {isa = PBXFileReference; fileEncoding = 4; lastKnownFileType = text; name = start.gcode; path = bin/data/gcode/start.gcode; sourceTree = "<group>"; };
		1D1C99AB16623FE1008B975B /* end.gcode */ = {isa = PBXFileReference; fileEncoding = 4; lastKnownFileType = text; name = end.gcode; path = bin/data/gcode/end.gcode; sourceTree = "<group>"; };
		1D2D06201664AF8100A9F8BC /* Doodle3DDebug.app */ = {isa = PBXFileReference; explicitFileType = wrapper.application; includeInIndex = 0; path = Doodle3DDebug.app; sourceTree = BUILT_PRODUCTS_DIR; };
		1D77DEAB16A7123100B43A9A /* settings.html */ = {isa = PBXFileReference; fileEncoding = 4; lastKnownFileType = text.html; name = settings.html; path = bin/data/www/settings.html; sourceTree = "<group>"; };
		1D77DEAD16A71E3E00B43A9A /* thermobg.png */ = {isa = PBXFileReference; lastKnownFileType = image.png; name = thermobg.png; path = bin/data/images/thermobg.png; sourceTree = "<group>"; };
		1D77DEAF16A86EAD00B43A9A /* shapes.png */ = {isa = PBXFileReference; lastKnownFileType = image.png; name = shapes.png; path = bin/data/images/shapes.png; sourceTree = "<group>"; };
		1D82A79A1658F6960070EBC8 /* Doodle3D.ini */ = {isa = PBXFileReference; lastKnownFileType = text; name = Doodle3D.ini; path = bin/data/Doodle3D.ini; sourceTree = "<group>"; };
		1D82A79C1658F6960070EBC8 /* bg.png */ = {isa = PBXFileReference; lastKnownFileType = image.png; name = bg.png; path = bin/data/images/bg.png; sourceTree = "<group>"; };
		1D82A79D1658F6960070EBC8 /* bgbusy.png */ = {isa = PBXFileReference; lastKnownFileType = image.png; name = bgbusy.png; path = bin/data/images/bgbusy.png; sourceTree = "<group>"; };
		1D82A79E1658F6960070EBC8 /* Doodle3D.icns */ = {isa = PBXFileReference; lastKnownFileType = image.icns; name = Doodle3D.icns; path = bin/data/images/Doodle3D.icns; sourceTree = "<group>"; };
		1D82A79F1658F6960070EBC8 /* kruis.png */ = {isa = PBXFileReference; lastKnownFileType = image.png; name = kruis.png; path = bin/data/images/kruis.png; sourceTree = "<group>"; };
		1D82A7A01658F6960070EBC8 /* krul.png */ = {isa = PBXFileReference; lastKnownFileType = image.png; name = krul.png; path = bin/data/images/krul.png; sourceTree = "<group>"; };
		1D82A7A11658F6960070EBC8 /* mask.png */ = {isa = PBXFileReference; lastKnownFileType = image.png; name = mask.png; path = bin/data/images/mask.png; sourceTree = "<group>"; };
		1D82A7A21658F6960070EBC8 /* thermomask.png */ = {isa = PBXFileReference; lastKnownFileType = image.png; name = thermomask.png; path = bin/data/images/thermomask.png; sourceTree = "<group>"; };
		1D82A7B21658F8550070EBC8 /* openFrameworks.a */ = {isa = PBXFileReference; lastKnownFileType = archive.ar; name = openFrameworks.a; path = ../../../libs/openFrameworksCompiled/lib/osx/openFrameworks.a; sourceTree = "<group>"; };
		1D83E07A158A505D005F0922 /* install.xml */ = {isa = PBXFileReference; fileEncoding = 4; lastKnownFileType = text.xml; path = install.xml; sourceTree = "<group>"; };
		1D83E07B158A505D005F0922 /* ofxIniSettings.cpp */ = {isa = PBXFileReference; fileEncoding = 4; lastKnownFileType = sourcecode.cpp.cpp; path = ofxIniSettings.cpp; sourceTree = "<group>"; };
		1D83E07C158A505D005F0922 /* ofxIniSettings.h */ = {isa = PBXFileReference; fileEncoding = 4; lastKnownFileType = sourcecode.c.h; path = ofxIniSettings.h; sourceTree = "<group>"; };
		1D83E07D158A505D005F0922 /* README */ = {isa = PBXFileReference; fileEncoding = 4; lastKnownFileType = text; path = README; sourceTree = "<group>"; };
		1D83E07F158A505D005F0922 /* ofxGCode.cpp */ = {isa = PBXFileReference; fileEncoding = 4; lastKnownFileType = sourcecode.cpp.cpp; path = ofxGCode.cpp; sourceTree = "<group>"; };
		1D83E080158A505D005F0922 /* ofxGCode.h */ = {isa = PBXFileReference; fileEncoding = 4; lastKnownFileType = sourcecode.c.h; path = ofxGCode.h; sourceTree = "<group>"; };
		1D83E081158A505D005F0922 /* README */ = {isa = PBXFileReference; fileEncoding = 4; lastKnownFileType = text; path = README; sourceTree = "<group>"; };
		1D83E083158A505D005F0922 /* ofxExtras.cpp */ = {isa = PBXFileReference; fileEncoding = 4; lastKnownFileType = sourcecode.cpp.cpp; path = ofxExtras.cpp; sourceTree = "<group>"; };
		1D83E084158A505D005F0922 /* ofxExtras.h */ = {isa = PBXFileReference; fileEncoding = 4; lastKnownFileType = sourcecode.c.h; path = ofxExtras.h; sourceTree = "<group>"; };
		1D83E085158A505D005F0922 /* README */ = {isa = PBXFileReference; fileEncoding = 4; lastKnownFileType = text; path = README; sourceTree = "<group>"; };
		1D83E089158A5307005F0922 /* ofxUltimaker.h */ = {isa = PBXFileReference; fileEncoding = 4; lastKnownFileType = sourcecode.c.h; path = ofxUltimaker.h; sourceTree = "<group>"; };
		1D83E08A158A530E005F0922 /* ofxUltimaker.cpp */ = {isa = PBXFileReference; fileEncoding = 4; lastKnownFileType = sourcecode.cpp.cpp; path = ofxUltimaker.cpp; sourceTree = "<group>"; };
		1D9EB08416A3099A002106A7 /* favicon.ico */ = {isa = PBXFileReference; lastKnownFileType = image.ico; name = favicon.ico; path = bin/data/www/favicon.ico; sourceTree = "<group>"; };
		1D9EB08516A3099A002106A7 /* 404.html */ = {isa = PBXFileReference; lastKnownFileType = text.html; name = 404.html; path = bin/data/www/404.html; sourceTree = "<group>"; };
		1D9EB08616A3099A002106A7 /* script.js */ = {isa = PBXFileReference; lastKnownFileType = sourcecode.javascript; name = script.js; path = bin/data/www/script.js; sourceTree = "<group>"; };
		1D9EB08A16A3099A002106A7 /* styles.css */ = {isa = PBXFileReference; lastKnownFileType = text.css; name = styles.css; path = bin/data/www/styles.css; sourceTree = "<group>"; };
		1D9EB08B16A3099A002106A7 /* index.html */ = {isa = PBXFileReference; lastKnownFileType = text.html; name = index.html; path = bin/data/www/index.html; sourceTree = "<group>"; };
		1D9EB08C16A3099A002106A7 /* jquery-1.8.2.min.js */ = {isa = PBXFileReference; lastKnownFileType = sourcecode.javascript; name = "jquery-1.8.2.min.js"; path = "bin/data/www/jquery-1.8.2.min.js"; sourceTree = "<group>"; };
		1D9EB09616A30AB8002106A7 /* bg_vertical.jpg */ = {isa = PBXFileReference; lastKnownFileType = image.jpeg; name = bg_vertical.jpg; path = bin/data/www/bg_vertical.jpg; sourceTree = "<group>"; };
		1D9EB09716A30AB8002106A7 /* bg_horizontal.jpg */ = {isa = PBXFileReference; lastKnownFileType = image.jpeg; name = bg_horizontal.jpg; path = bin/data/www/bg_horizontal.jpg; sourceTree = "<group>"; };
		1D9EB09F16A34CB7002106A7 /* icon.png */ = {isa = PBXFileReference; lastKnownFileType = image.png; name = icon.png; path = bin/data/www/icon.png; sourceTree = "<group>"; };
		1DB6E92116A6A2F000B76455 /* template.svg */ = {isa = PBXFileReference; fileEncoding = 4; lastKnownFileType = text.xml; name = template.svg; path = bin/data/template.svg; sourceTree = "<group>"; };
		1DC9E32E16425B5100A90E2A /* .cproject */ = {isa = PBXFileReference; fileEncoding = 4; lastKnownFileType = text.xml; path = .cproject; sourceTree = "<group>"; };
		1DC9E32F16425B5100A90E2A /* .gitignore */ = {isa = PBXFileReference; fileEncoding = 4; lastKnownFileType = text; path = .gitignore; sourceTree = "<group>"; };
		1DC9E33016425B5100A90E2A /* .project */ = {isa = PBXFileReference; fileEncoding = 4; lastKnownFileType = text.xml; path = .project; sourceTree = "<group>"; };
		1DC9E33616425B5100A90E2A /* install.xml */ = {isa = PBXFileReference; fileEncoding = 4; lastKnownFileType = text.xml; path = install.xml; sourceTree = "<group>"; };
		1DC9E33A16425B5100A90E2A /* microhttpd.h */ = {isa = PBXFileReference; fileEncoding = 4; lastKnownFileType = sourcecode.c.h; path = microhttpd.h; sourceTree = "<group>"; };
		1DC9E33B16425B5100A90E2A /* platform.h */ = {isa = PBXFileReference; fileEncoding = 4; lastKnownFileType = sourcecode.c.h; path = platform.h; sourceTree = "<group>"; };
		1DC9E33C16425B5100A90E2A /* plibc.h */ = {isa = PBXFileReference; fileEncoding = 4; lastKnownFileType = sourcecode.c.h; path = plibc.h; sourceTree = "<group>"; };
		1DC9E34816425B5100A90E2A /* ofxHTTPServer.cpp */ = {isa = PBXFileReference; fileEncoding = 4; lastKnownFileType = sourcecode.cpp.cpp; path = ofxHTTPServer.cpp; sourceTree = "<group>"; };
		1DC9E34916425B5100A90E2A /* ofxHTTPServer.h */ = {isa = PBXFileReference; fileEncoding = 4; lastKnownFileType = sourcecode.c.h; path = ofxHTTPServer.h; sourceTree = "<group>"; };
		1DC9E3561642658A00A90E2A /* libmicrohttpd.a */ = {isa = PBXFileReference; lastKnownFileType = archive.ar; name = libmicrohttpd.a; path = addons/ofxHttpServer/libs/microhttpd/lib/macosx/libmicrohttpd.a; sourceTree = "<group>"; };
		1DF7B5DE165E20480064F71E /* ofxArgParser.cpp */ = {isa = PBXFileReference; fileEncoding = 4; lastKnownFileType = sourcecode.cpp.cpp; path = ofxArgParser.cpp; sourceTree = "<group>"; };
		1DF7B5DF165E20480064F71E /* ofxArgParser.h */ = {isa = PBXFileReference; fileEncoding = 4; lastKnownFileType = sourcecode.c.h; path = ofxArgParser.h; sourceTree = "<group>"; };
		BBAB23BE13894E4700AA2426 /* GLUT.framework */ = {isa = PBXFileReference; lastKnownFileType = wrapper.framework; name = GLUT.framework; path = ../../../libs/glut/lib/osx/GLUT.framework; sourceTree = "<group>"; };
		E4328143138ABC890047C5CB /* openFrameworksLib.xcodeproj */ = {isa = PBXFileReference; lastKnownFileType = "wrapper.pb-project"; name = openFrameworksLib.xcodeproj; path = ../../../libs/openFrameworksCompiled/project/osx/openFrameworksLib.xcodeproj; sourceTree = SOURCE_ROOT; };
		E45BE9710E8CC7DD009D7055 /* AGL.framework */ = {isa = PBXFileReference; lastKnownFileType = wrapper.framework; name = AGL.framework; path = /System/Library/Frameworks/AGL.framework; sourceTree = "<absolute>"; };
		E45BE9720E8CC7DD009D7055 /* ApplicationServices.framework */ = {isa = PBXFileReference; lastKnownFileType = wrapper.framework; name = ApplicationServices.framework; path = /System/Library/Frameworks/ApplicationServices.framework; sourceTree = "<absolute>"; };
		E45BE9730E8CC7DD009D7055 /* AudioToolbox.framework */ = {isa = PBXFileReference; lastKnownFileType = wrapper.framework; name = AudioToolbox.framework; path = /System/Library/Frameworks/AudioToolbox.framework; sourceTree = "<absolute>"; };
		E45BE9740E8CC7DD009D7055 /* Carbon.framework */ = {isa = PBXFileReference; lastKnownFileType = wrapper.framework; name = Carbon.framework; path = /System/Library/Frameworks/Carbon.framework; sourceTree = "<absolute>"; };
		E45BE9750E8CC7DD009D7055 /* CoreAudio.framework */ = {isa = PBXFileReference; lastKnownFileType = wrapper.framework; name = CoreAudio.framework; path = /System/Library/Frameworks/CoreAudio.framework; sourceTree = "<absolute>"; };
		E45BE9760E8CC7DD009D7055 /* CoreFoundation.framework */ = {isa = PBXFileReference; lastKnownFileType = wrapper.framework; name = CoreFoundation.framework; path = /System/Library/Frameworks/CoreFoundation.framework; sourceTree = "<absolute>"; };
		E45BE9770E8CC7DD009D7055 /* CoreServices.framework */ = {isa = PBXFileReference; lastKnownFileType = wrapper.framework; name = CoreServices.framework; path = /System/Library/Frameworks/CoreServices.framework; sourceTree = "<absolute>"; };
		E45BE9790E8CC7DD009D7055 /* OpenGL.framework */ = {isa = PBXFileReference; lastKnownFileType = wrapper.framework; name = OpenGL.framework; path = /System/Library/Frameworks/OpenGL.framework; sourceTree = "<absolute>"; };
		E45BE97A0E8CC7DD009D7055 /* QuickTime.framework */ = {isa = PBXFileReference; lastKnownFileType = wrapper.framework; name = QuickTime.framework; path = /System/Library/Frameworks/QuickTime.framework; sourceTree = "<absolute>"; };
		E4B69E1D0A3A1BDC003C02F2 /* main.cpp */ = {isa = PBXFileReference; fileEncoding = 30; lastKnownFileType = sourcecode.cpp.cpp; name = main.cpp; path = src/main.cpp; sourceTree = SOURCE_ROOT; };
		E4B6FCAD0C3E899E008CF71C /* openFrameworks-Info.plist */ = {isa = PBXFileReference; fileEncoding = 30; lastKnownFileType = text.plist.xml; path = "openFrameworks-Info.plist"; sourceTree = "<group>"; };
		E4C2424410CC5A17004149E2 /* AppKit.framework */ = {isa = PBXFileReference; lastKnownFileType = wrapper.framework; name = AppKit.framework; path = /System/Library/Frameworks/AppKit.framework; sourceTree = "<absolute>"; };
		E4C2424510CC5A17004149E2 /* Cocoa.framework */ = {isa = PBXFileReference; lastKnownFileType = wrapper.framework; name = Cocoa.framework; path = /System/Library/Frameworks/Cocoa.framework; sourceTree = "<absolute>"; };
		E4C2424610CC5A17004149E2 /* IOKit.framework */ = {isa = PBXFileReference; lastKnownFileType = wrapper.framework; name = IOKit.framework; path = /System/Library/Frameworks/IOKit.framework; sourceTree = "<absolute>"; };
		E4EB691F138AFCF100A09F29 /* CoreOF.xcconfig */ = {isa = PBXFileReference; fileEncoding = 4; lastKnownFileType = text.xcconfig; name = CoreOF.xcconfig; path = ../../../libs/openFrameworksCompiled/project/osx/CoreOF.xcconfig; sourceTree = SOURCE_ROOT; };
		E4EB6923138AFD0F00A09F29 /* Project.xcconfig */ = {isa = PBXFileReference; fileEncoding = 4; lastKnownFileType = text.xcconfig; path = Project.xcconfig; sourceTree = "<group>"; };
/* End PBXFileReference section */

/* Begin PBXFrameworksBuildPhase section */
		E4B69B590A3A1756003C02F2 /* Frameworks */ = {
			isa = PBXFrameworksBuildPhase;
			buildActionMask = 2147483647;
			files = (
				E4EB6799138ADC1D00A09F29 /* GLUT.framework in Frameworks */,
				E45BE97B0E8CC7DD009D7055 /* AGL.framework in Frameworks */,
				E45BE97C0E8CC7DD009D7055 /* ApplicationServices.framework in Frameworks */,
				E45BE97D0E8CC7DD009D7055 /* AudioToolbox.framework in Frameworks */,
				E45BE97E0E8CC7DD009D7055 /* Carbon.framework in Frameworks */,
				E45BE97F0E8CC7DD009D7055 /* CoreAudio.framework in Frameworks */,
				E45BE9800E8CC7DD009D7055 /* CoreFoundation.framework in Frameworks */,
				E45BE9810E8CC7DD009D7055 /* CoreServices.framework in Frameworks */,
				E45BE9830E8CC7DD009D7055 /* OpenGL.framework in Frameworks */,
				E45BE9840E8CC7DD009D7055 /* QuickTime.framework in Frameworks */,
				E4C2424710CC5A17004149E2 /* AppKit.framework in Frameworks */,
				E4C2424810CC5A17004149E2 /* Cocoa.framework in Frameworks */,
				E4C2424910CC5A17004149E2 /* IOKit.framework in Frameworks */,
				1DC9E3571642658A00A90E2A /* libmicrohttpd.a in Frameworks */,
				1D82A7B31658F8550070EBC8 /* openFrameworks.a in Frameworks */,
			);
			runOnlyForDeploymentPostprocessing = 0;
		};
/* End PBXFrameworksBuildPhase section */

/* Begin PBXGroup section */
		1D77DEB116A86EB300B43A9A /* images */ = {
			isa = PBXGroup;
			children = (
				1D82A79C1658F6960070EBC8 /* bg.png */,
				1D82A79F1658F6960070EBC8 /* kruis.png */,
				1D82A7A01658F6960070EBC8 /* krul.png */,
				1D82A7A11658F6960070EBC8 /* mask.png */,
				1D82A7A21658F6960070EBC8 /* thermomask.png */,
				1D82A79D1658F6960070EBC8 /* bgbusy.png */,
				1D77DEAD16A71E3E00B43A9A /* thermobg.png */,
				1D77DEAF16A86EAD00B43A9A /* shapes.png */,
			);
			name = images;
			sourceTree = "<group>";
		};
		1D82A77B1658F3740070EBC8 /* Resources */ = {
			isa = PBXGroup;
			children = (
				1D77DEB116A86EB300B43A9A /* images */,
				1D9EB09A16A30ABC002106A7 /* www */,
				1D82A79E1658F6960070EBC8 /* Doodle3D.icns */,
				1DB6E92116A6A2F000B76455 /* template.svg */,
				1D1C99AB16623FE1008B975B /* end.gcode */,
				1D1C99A916623FDD008B975B /* start.gcode */,
				1D82A79A1658F6960070EBC8 /* Doodle3D.ini */,
			);
			name = Resources;
			sourceTree = "<group>";
		};
		1D83E078158A505D005F0922 /* ofxUltimaker */ = {
			isa = PBXGroup;
			children = (
				1D83E08A158A530E005F0922 /* ofxUltimaker.cpp */,
				1D83E089158A5307005F0922 /* ofxUltimaker.h */,
			);
			name = ofxUltimaker;
			path = addons/ofxUltimaker;
			sourceTree = "<group>";
		};
		1D83E079158A505D005F0922 /* ofxIniSettings */ = {
			isa = PBXGroup;
			children = (
				1D83E07A158A505D005F0922 /* install.xml */,
				1D83E07B158A505D005F0922 /* ofxIniSettings.cpp */,
				1D83E07C158A505D005F0922 /* ofxIniSettings.h */,
				1D83E07D158A505D005F0922 /* README */,
			);
			name = ofxIniSettings;
			path = addons/ofxIniSettings;
			sourceTree = "<group>";
		};
		1D83E07E158A505D005F0922 /* ofxGCode */ = {
			isa = PBXGroup;
			children = (
				1D83E07F158A505D005F0922 /* ofxGCode.cpp */,
				1D83E080158A505D005F0922 /* ofxGCode.h */,
				1D83E081158A505D005F0922 /* README */,
			);
			name = ofxGCode;
			path = addons/ofxGCode;
			sourceTree = "<group>";
		};
		1D83E082158A505D005F0922 /* ofxExtras */ = {
			isa = PBXGroup;
			children = (
				1D83E083158A505D005F0922 /* ofxExtras.cpp */,
				1D83E084158A505D005F0922 /* ofxExtras.h */,
				1D83E085158A505D005F0922 /* README */,
			);
			name = ofxExtras;
			path = addons/ofxExtras;
			sourceTree = "<group>";
		};
		1D9EB09A16A30ABC002106A7 /* www */ = {
			isa = PBXGroup;
			children = (
				1D9EB08416A3099A002106A7 /* favicon.ico */,
				1D9EB09F16A34CB7002106A7 /* icon.png */,
				1D77DEAB16A7123100B43A9A /* settings.html */,
				1D9EB08516A3099A002106A7 /* 404.html */,
				1D9EB08616A3099A002106A7 /* script.js */,
				1D9EB08A16A3099A002106A7 /* styles.css */,
				1D9EB09616A30AB8002106A7 /* bg_vertical.jpg */,
				1D9EB09716A30AB8002106A7 /* bg_horizontal.jpg */,
				1D9EB08B16A3099A002106A7 /* index.html */,
				1D9EB08C16A3099A002106A7 /* jquery-1.8.2.min.js */,
			);
			name = www;
			sourceTree = "<group>";
		};
		1DC9E32D16425B5100A90E2A /* ofxHttpServer */ = {
			isa = PBXGroup;
			children = (
				1DC9E32E16425B5100A90E2A /* .cproject */,
				1DC9E32F16425B5100A90E2A /* .gitignore */,
				1DC9E33016425B5100A90E2A /* .project */,
				1DC9E33616425B5100A90E2A /* install.xml */,
				1DC9E33716425B5100A90E2A /* libs */,
				1DC9E34716425B5100A90E2A /* src */,
			);
			name = ofxHttpServer;
			path = addons/ofxHttpServer;
			sourceTree = "<group>";
		};
		1DC9E33716425B5100A90E2A /* libs */ = {
			isa = PBXGroup;
			children = (
				1DC9E33816425B5100A90E2A /* microhttpd */,
			);
			path = libs;
			sourceTree = "<group>";
		};
		1DC9E33816425B5100A90E2A /* microhttpd */ = {
			isa = PBXGroup;
			children = (
				1DC9E33916425B5100A90E2A /* include */,
				1DC9E33D16425B5100A90E2A /* lib */,
			);
			path = microhttpd;
			sourceTree = "<group>";
		};
		1DC9E33916425B5100A90E2A /* include */ = {
			isa = PBXGroup;
			children = (
				1DC9E33A16425B5100A90E2A /* microhttpd.h */,
				1DC9E33B16425B5100A90E2A /* platform.h */,
				1DC9E33C16425B5100A90E2A /* plibc.h */,
			);
			path = include;
			sourceTree = "<group>";
		};
		1DC9E33D16425B5100A90E2A /* lib */ = {
			isa = PBXGroup;
			children = (
				1DC9E34216425B5100A90E2A /* macosx */,
			);
			path = lib;
			sourceTree = "<group>";
		};
		1DC9E34216425B5100A90E2A /* macosx */ = {
			isa = PBXGroup;
			children = (
			);
			path = macosx;
			sourceTree = "<group>";
		};
		1DC9E34716425B5100A90E2A /* src */ = {
			isa = PBXGroup;
			children = (
				1DC9E34816425B5100A90E2A /* ofxHTTPServer.cpp */,
				1DC9E34916425B5100A90E2A /* ofxHTTPServer.h */,
			);
			path = src;
			sourceTree = "<group>";
		};
		1DF7B5CE165E20480064F71E /* ofxArgParser */ = {
			isa = PBXGroup;
			children = (
				1DF7B5DD165E20480064F71E /* src */,
			);
			name = ofxArgParser;
			path = addons/ofxArgParser;
			sourceTree = "<group>";
		};
		1DF7B5DD165E20480064F71E /* src */ = {
			isa = PBXGroup;
			children = (
				1DF7B5DE165E20480064F71E /* ofxArgParser.cpp */,
				1DF7B5DF165E20480064F71E /* ofxArgParser.h */,
			);
			path = src;
			sourceTree = "<group>";
		};
		BB4B014C10F69532006C3DED /* addons */ = {
			isa = PBXGroup;
			children = (
				1DF7B5CE165E20480064F71E /* ofxArgParser */,
				1DC9E32D16425B5100A90E2A /* ofxHttpServer */,
				1D83E078158A505D005F0922 /* ofxUltimaker */,
				1D83E079158A505D005F0922 /* ofxIniSettings */,
				1D83E07E158A505D005F0922 /* ofxGCode */,
				1D83E082158A505D005F0922 /* ofxExtras */,
			);
			name = addons;
			sourceTree = "<group>";
		};
		BBAB23C913894ECA00AA2426 /* system frameworks */ = {
			isa = PBXGroup;
			children = (
				E4C2424410CC5A17004149E2 /* AppKit.framework */,
				E4C2424510CC5A17004149E2 /* Cocoa.framework */,
				E4C2424610CC5A17004149E2 /* IOKit.framework */,
				E45BE9710E8CC7DD009D7055 /* AGL.framework */,
				E45BE9720E8CC7DD009D7055 /* ApplicationServices.framework */,
				E45BE9730E8CC7DD009D7055 /* AudioToolbox.framework */,
				E45BE9740E8CC7DD009D7055 /* Carbon.framework */,
				E45BE9750E8CC7DD009D7055 /* CoreAudio.framework */,
				E45BE9760E8CC7DD009D7055 /* CoreFoundation.framework */,
				E45BE9770E8CC7DD009D7055 /* CoreServices.framework */,
				E45BE9790E8CC7DD009D7055 /* OpenGL.framework */,
				E45BE97A0E8CC7DD009D7055 /* QuickTime.framework */,
			);
			name = "system frameworks";
			sourceTree = "<group>";
		};
		BBAB23CA13894EDB00AA2426 /* 3rd party frameworks */ = {
			isa = PBXGroup;
			children = (
				BBAB23BE13894E4700AA2426 /* GLUT.framework */,
			);
			name = "3rd party frameworks";
			sourceTree = "<group>";
		};
		E4328144138ABC890047C5CB /* Products */ = {
			isa = PBXGroup;
			children = (
				E4328148138ABC890047C5CB /* openFrameworksDebug.a */,
			);
			name = Products;
			sourceTree = "<group>";
		};
		E45BE5980E8CC70C009D7055 /* frameworks */ = {
			isa = PBXGroup;
			children = (
				BBAB23CA13894EDB00AA2426 /* 3rd party frameworks */,
				BBAB23C913894ECA00AA2426 /* system frameworks */,
			);
			name = frameworks;
			sourceTree = "<group>";
		};
		E4B69B4A0A3A1720003C02F2 = {
			isa = PBXGroup;
			children = (
				1D82A77B1658F3740070EBC8 /* Resources */,
				1DC9E3561642658A00A90E2A /* libmicrohttpd.a */,
				E4B6FCAD0C3E899E008CF71C /* openFrameworks-Info.plist */,
				E4EB6923138AFD0F00A09F29 /* Project.xcconfig */,
				E4B69E1C0A3A1BDC003C02F2 /* src */,
				E4EEC9E9138DF44700A80321 /* openFrameworks */,
				BB4B014C10F69532006C3DED /* addons */,
				E45BE5980E8CC70C009D7055 /* frameworks */,
				1D2D06201664AF8100A9F8BC /* Doodle3DDebug.app */,
			);
			sourceTree = "<group>";
		};
		E4B69E1C0A3A1BDC003C02F2 /* src */ = {
			isa = PBXGroup;
			children = (
				E4B69E1D0A3A1BDC003C02F2 /* main.cpp */,
				1D09098615931547000DE10D /* Files.h */,
				1D0909851593097C000DE10D /* Side.h */,
				1D09096415926DF8000DE10D /* Thermometer.h */,
				1D090984159307F1000DE10D /* Canvas.h */,
				1D09096515926E92000DE10D /* Btn.h */,
				1D09098815931954000DE10D /* Printer.h */,
			);
			path = src;
			sourceTree = SOURCE_ROOT;
		};
		E4EEC9E9138DF44700A80321 /* openFrameworks */ = {
			isa = PBXGroup;
			children = (
				1D82A7B21658F8550070EBC8 /* openFrameworks.a */,
				E4EB691F138AFCF100A09F29 /* CoreOF.xcconfig */,
				E4328143138ABC890047C5CB /* openFrameworksLib.xcodeproj */,
			);
			name = openFrameworks;
			sourceTree = "<group>";
		};
/* End PBXGroup section */

/* Begin PBXNativeTarget section */
		E4B69B5A0A3A1756003C02F2 /* Doodle3D */ = {
			isa = PBXNativeTarget;
			buildConfigurationList = E4B69B5F0A3A1757003C02F2 /* Build configuration list for PBXNativeTarget "Doodle3D" */;
			buildPhases = (
				E4B69B580A3A1756003C02F2 /* Sources */,
				E4B69B590A3A1756003C02F2 /* Frameworks */,
				E4B6FFFD0C3F9AB9008CF71C /* ShellScript */,
				E4C2427710CC5ABF004149E2 /* CopyFiles */,
				1D82A76D1658F0E80070EBC8 /* Resources */,
			);
			buildRules = (
			);
			dependencies = (
				E4EEB9AC138B136A00A80321 /* PBXTargetDependency */,
			);
			name = Doodle3D;
			productName = myOFApp;
			productReference = 1D2D06201664AF8100A9F8BC /* Doodle3DDebug.app */;
			productType = "com.apple.product-type.application";
		};
/* End PBXNativeTarget section */

/* Begin PBXProject section */
		E4B69B4C0A3A1720003C02F2 /* Project object */ = {
			isa = PBXProject;
			attributes = {
				LastUpgradeCheck = 0450;
			};
			buildConfigurationList = E4B69B4D0A3A1720003C02F2 /* Build configuration list for PBXProject "Doodle3D" */;
			compatibilityVersion = "Xcode 3.2";
			developmentRegion = English;
			hasScannedForEncodings = 0;
			knownRegions = (
				English,
				Japanese,
				French,
				German,
			);
			mainGroup = E4B69B4A0A3A1720003C02F2;
			productRefGroup = E4B69B4A0A3A1720003C02F2;
			projectDirPath = "";
			projectReferences = (
				{
					ProductGroup = E4328144138ABC890047C5CB /* Products */;
					ProjectRef = E4328143138ABC890047C5CB /* openFrameworksLib.xcodeproj */;
				},
			);
			projectRoot = "";
			targets = (
				E4B69B5A0A3A1756003C02F2 /* Doodle3D */,
			);
		};
/* End PBXProject section */

/* Begin PBXReferenceProxy section */
		E4328148138ABC890047C5CB /* openFrameworksDebug.a */ = {
			isa = PBXReferenceProxy;
			fileType = archive.ar;
			path = openFrameworksDebug.a;
			remoteRef = E4328147138ABC890047C5CB /* PBXContainerItemProxy */;
			sourceTree = BUILT_PRODUCTS_DIR;
		};
/* End PBXReferenceProxy section */

/* Begin PBXResourcesBuildPhase section */
		1D82A76D1658F0E80070EBC8 /* Resources */ = {
			isa = PBXResourcesBuildPhase;
			buildActionMask = 2147483647;
			files = (
				1D82A7AB1658F7E10070EBC8 /* bg.png in Resources */,
				1D82A7B11658F7F00070EBC8 /* thermomask.png in Resources */,
				1D9EB09416A309E2002106A7 /* jquery-1.8.2.min.js in Resources */,
				1D9EB08F16A309D6002106A7 /* script.js in Resources */,
				1D9EB09216A309DF002106A7 /* styles.css in Resources */,
				1D9EB09516A30A3B002106A7 /* index.html in Resources */,
				1D82A7B51658F88D0070EBC8 /* Doodle3D.ini in Resources */,
				1D9EB08E16A309D3002106A7 /* 404.html in Resources */,
				1D82A7B01658F7EE0070EBC8 /* mask.png in Resources */,
				1D9EB08D16A309D2002106A7 /* favicon.ico in Resources */,
				1D82A7AE1658F7E70070EBC8 /* kruis.png in Resources */,
				1D82A7AF1658F7EC0070EBC8 /* krul.png in Resources */,
				1D82A7AD1658F7E50070EBC8 /* Doodle3D.icns in Resources */,
				1D82A7AC1658F7E30070EBC8 /* bgbusy.png in Resources */,
				1D1C99AA16623FDD008B975B /* start.gcode in Resources */,
				1D1C99AC16623FE1008B975B /* end.gcode in Resources */,
				1D9EB09816A30AB8002106A7 /* bg_vertical.jpg in Resources */,
				1D9EB09916A30AB8002106A7 /* bg_horizontal.jpg in Resources */,
				1D9EB0A016A34CB7002106A7 /* icon.png in Resources */,
				1DB6E92216A6A2F000B76455 /* template.svg in Resources */,
				1D77DEAC16A7123100B43A9A /* settings.html in Resources */,
				1D77DEAE16A71E3E00B43A9A /* thermobg.png in Resources */,
				1D77DEB016A86EAD00B43A9A /* shapes.png in Resources */,
			);
			runOnlyForDeploymentPostprocessing = 0;
		};
/* End PBXResourcesBuildPhase section */

/* Begin PBXShellScriptBuildPhase section */
		E4B6FFFD0C3F9AB9008CF71C /* ShellScript */ = {
			isa = PBXShellScriptBuildPhase;
			buildActionMask = 2147483647;
			files = (
			);
			inputPaths = (
			);
			outputPaths = (
			);
			runOnlyForDeploymentPostprocessing = 0;
			shellPath = /bin/sh;
			shellScript = "cp -f ../../../libs/fmodex/lib/osx/libfmodex.dylib \"$TARGET_BUILD_DIR/$PRODUCT_NAME.app/Contents/MacOS/libfmodex.dylib\"; install_name_tool -change ./libfmodex.dylib @executable_path/libfmodex.dylib \"$TARGET_BUILD_DIR/$PRODUCT_NAME.app/Contents/MacOS/$PRODUCT_NAME\";";
		};
/* End PBXShellScriptBuildPhase section */

/* Begin PBXSourcesBuildPhase section */
		E4B69B580A3A1756003C02F2 /* Sources */ = {
			isa = PBXSourcesBuildPhase;
			buildActionMask = 2147483647;
			files = (
				E4B69E200A3A1BDC003C02F2 /* main.cpp in Sources */,
				1D83E086158A505D005F0922 /* ofxIniSettings.cpp in Sources */,
				1D83E087158A505D005F0922 /* ofxGCode.cpp in Sources */,
				1D83E088158A505D005F0922 /* ofxExtras.cpp in Sources */,
				1D83E08B158A530E005F0922 /* ofxUltimaker.cpp in Sources */,
				1DC9E35116425B5100A90E2A /* ofxHTTPServer.cpp in Sources */,
				1DF7B5EB165E20480064F71E /* ofxArgParser.cpp in Sources */,
			);
			runOnlyForDeploymentPostprocessing = 0;
		};
/* End PBXSourcesBuildPhase section */

/* Begin PBXTargetDependency section */
		E4EEB9AC138B136A00A80321 /* PBXTargetDependency */ = {
			isa = PBXTargetDependency;
			name = openFrameworks;
			targetProxy = E4EEB9AB138B136A00A80321 /* PBXContainerItemProxy */;
		};
/* End PBXTargetDependency section */

/* Begin XCBuildConfiguration section */
		E4B69B4E0A3A1720003C02F2 /* Debug */ = {
			isa = XCBuildConfiguration;
			baseConfigurationReference = E4EB6923138AFD0F00A09F29 /* Project.xcconfig */;
			buildSettings = {
				ARCHS = "$(ARCHS_STANDARD_32_BIT)";
				CONFIGURATION_BUILD_DIR = "$(SRCROOT)/bin/";
				COPY_PHASE_STRIP = NO;
				DEAD_CODE_STRIPPING = YES;
				GCC_AUTO_VECTORIZATION = YES;
				GCC_ENABLE_SSE3_EXTENSIONS = YES;
				GCC_ENABLE_SUPPLEMENTAL_SSE3_INSTRUCTIONS = YES;
				GCC_INLINES_ARE_PRIVATE_EXTERN = NO;
				GCC_MODEL_TUNING = G5;
				GCC_SYMBOLS_PRIVATE_EXTERN = NO;
				GCC_WARN_ABOUT_DEPRECATED_FUNCTIONS = NO;
				GCC_WARN_ABOUT_INVALID_OFFSETOF_MACRO = NO;
				GCC_WARN_ALLOW_INCOMPLETE_PROTOCOL = NO;
				GCC_WARN_UNINITIALIZED_AUTOS = NO;
				GCC_WARN_UNUSED_VALUE = NO;
				GCC_WARN_UNUSED_VARIABLE = NO;
				INFOPLIST_FILE = "openFrameworks-Info.plist";
				INFOPLIST_PREPROCESS = NO;
				MACOSX_DEPLOYMENT_TARGET = 10.5;
				ONLY_ACTIVE_ARCH = YES;
				OTHER_CPLUSPLUSFLAGS = (
					"-D__MACOSX_CORE__",
					"-lpthread",
				);
				OTHER_LDFLAGS = (
					"$(OF_CORE_LIBS)",
					"\"$(SRCROOT)/addons/ofxHttpServer/libs/microhttpd/lib/macosx/libmicrohttpd.a\"",
				);
				SDKROOT = macosx10.7;
				VALID_ARCHS = i386;
			};
			name = Debug;
		};
		E4B69B4F0A3A1720003C02F2 /* Release */ = {
			isa = XCBuildConfiguration;
			baseConfigurationReference = E4EB6923138AFD0F00A09F29 /* Project.xcconfig */;
			buildSettings = {
				ARCHS = "$(ARCHS_STANDARD_32_BIT)";
				CONFIGURATION_BUILD_DIR = "$(SRCROOT)/bin/";
				COPY_PHASE_STRIP = YES;
				DEAD_CODE_STRIPPING = YES;
				GCC_AUTO_VECTORIZATION = YES;
				GCC_ENABLE_SSE3_EXTENSIONS = YES;
				GCC_ENABLE_SUPPLEMENTAL_SSE3_INSTRUCTIONS = YES;
				GCC_INLINES_ARE_PRIVATE_EXTERN = NO;
				GCC_MODEL_TUNING = G5;
				GCC_OPTIMIZATION_LEVEL = 3;
				GCC_SYMBOLS_PRIVATE_EXTERN = NO;
				GCC_UNROLL_LOOPS = YES;
				GCC_WARN_ABOUT_DEPRECATED_FUNCTIONS = NO;
				GCC_WARN_ABOUT_INVALID_OFFSETOF_MACRO = NO;
				GCC_WARN_ALLOW_INCOMPLETE_PROTOCOL = NO;
				GCC_WARN_UNINITIALIZED_AUTOS = NO;
				GCC_WARN_UNUSED_VALUE = NO;
				GCC_WARN_UNUSED_VARIABLE = NO;
				INFOPLIST_FILE = "openFrameworks-Info.plist";
				INFOPLIST_PREPROCESS = NO;
				MACOSX_DEPLOYMENT_TARGET = 10.5;
				ONLY_ACTIVE_ARCH = YES;
				OTHER_CPLUSPLUSFLAGS = (
					"-D__MACOSX_CORE__",
					"-lpthread",
				);
				OTHER_LDFLAGS = (
					"$(OF_CORE_LIBS)",
					"\"$(SRCROOT)/addons/ofxHttpServer/libs/microhttpd/lib/macosx/libmicrohttpd.a\"",
				);
				SDKROOT = macosx10.7;
				VALID_ARCHS = i386;
			};
			name = Release;
		};
		E4B69B600A3A1757003C02F2 /* Debug */ = {
			isa = XCBuildConfiguration;
			buildSettings = {
				COMBINE_HIDPI_IMAGES = YES;
				COPY_PHASE_STRIP = NO;
				FRAMEWORK_SEARCH_PATHS = (
					"$(inherited)",
					"$(FRAMEWORK_SEARCH_PATHS_QUOTED_FOR_TARGET_1)",
				);
				FRAMEWORK_SEARCH_PATHS_QUOTED_FOR_TARGET_1 = "\"$(SRCROOT)/../../../libs/glut/lib/osx\"";
				GCC_DYNAMIC_NO_PIC = NO;
				GCC_GENERATE_DEBUGGING_SYMBOLS = YES;
				GCC_MODEL_TUNING = G4;
				GCC_PRECOMPILE_PREFIX_HEADER = YES;
				GCC_PREFIX_HEADER = "$(SYSTEM_LIBRARY_DIR)/Frameworks/Carbon.framework/Headers/Carbon.h";
				INFOPLIST_FILE = "openFrameworks-Info.plist";
				INSTALL_PATH = "$(HOME)/Applications";
				LIBRARY_SEARCH_PATHS = (
					"$(inherited)",
					"$(LIBRARY_SEARCH_PATHS_QUOTED_FOR_TARGET_1)",
					"$(LIBRARY_SEARCH_PATHS_QUOTED_FOR_TARGET_2)",
					"$(LIBRARY_SEARCH_PATHS_QUOTED_FOR_TARGET_3)",
					"$(LIBRARY_SEARCH_PATHS_QUOTED_FOR_TARGET_4)",
					"$(LIBRARY_SEARCH_PATHS_QUOTED_FOR_TARGET_5)",
					"$(LIBRARY_SEARCH_PATHS_QUOTED_FOR_TARGET_6)",
					"$(LIBRARY_SEARCH_PATHS_QUOTED_FOR_TARGET_7)",
					"$(LIBRARY_SEARCH_PATHS_QUOTED_FOR_TARGET_8)",
					"$(LIBRARY_SEARCH_PATHS_QUOTED_FOR_TARGET_9)",
					"$(LIBRARY_SEARCH_PATHS_QUOTED_FOR_TARGET_10)",
					"$(LIBRARY_SEARCH_PATHS_QUOTED_FOR_TARGET_11)",
					"$(LIBRARY_SEARCH_PATHS_QUOTED_FOR_TARGET_12)",
					"$(LIBRARY_SEARCH_PATHS_QUOTED_FOR_TARGET_13)",
					"$(LIBRARY_SEARCH_PATHS_QUOTED_FOR_TARGET_14)",
					"$(LIBRARY_SEARCH_PATHS_QUOTED_FOR_TARGET_15)",
					"$(LIBRARY_SEARCH_PATHS_QUOTED_FOR_TARGET_2)",
					"$(LIBRARY_SEARCH_PATHS_QUOTED_FOR_TARGET_3)",
					"$(LIBRARY_SEARCH_PATHS_QUOTED_FOR_TARGET_7)",
					"$(LIBRARY_SEARCH_PATHS_QUOTED_FOR_TARGET_8)",
					"$(LIBRARY_SEARCH_PATHS_QUOTED_FOR_TARGET_9)",
					"$(LIBRARY_SEARCH_PATHS_QUOTED_FOR_TARGET_10)",
					"$(LIBRARY_SEARCH_PATHS_QUOTED_FOR_TARGET_11)",
					"$(LIBRARY_SEARCH_PATHS_QUOTED_FOR_TARGET_12)",
					"$(LIBRARY_SEARCH_PATHS_QUOTED_FOR_TARGET_13)",
					"$(LIBRARY_SEARCH_PATHS_QUOTED_FOR_TARGET_16)",
					"$(LIBRARY_SEARCH_PATHS_QUOTED_FOR_TARGET_17)",
					"$(LIBRARY_SEARCH_PATHS_QUOTED_FOR_TARGET_18)",
					"$(LIBRARY_SEARCH_PATHS_QUOTED_FOR_TARGET_19)",
					"$(LIBRARY_SEARCH_PATHS_QUOTED_FOR_TARGET_20)",
					"$(LIBRARY_SEARCH_PATHS_QUOTED_FOR_TARGET_21)",
					"$(LIBRARY_SEARCH_PATHS_QUOTED_FOR_TARGET_22)",
					"$(LIBRARY_SEARCH_PATHS_QUOTED_FOR_TARGET_23)",
					"$(LIBRARY_SEARCH_PATHS_QUOTED_FOR_TARGET_24)",
					"$(LIBRARY_SEARCH_PATHS_QUOTED_FOR_TARGET_25)",
					"$(LIBRARY_SEARCH_PATHS_QUOTED_FOR_TARGET_26)",
					"$(LIBRARY_SEARCH_PATHS_QUOTED_FOR_TARGET_27)",
					"$(LIBRARY_SEARCH_PATHS_QUOTED_FOR_TARGET_28)",
					"$(LIBRARY_SEARCH_PATHS_QUOTED_FOR_TARGET_29)",
					"$(LIBRARY_SEARCH_PATHS_QUOTED_FOR_TARGET_30)",
					"$(LIBRARY_SEARCH_PATHS_QUOTED_FOR_TARGET_31)",
					"$(LIBRARY_SEARCH_PATHS_QUOTED_FOR_TARGET_32)",
					"$(LIBRARY_SEARCH_PATHS_QUOTED_FOR_TARGET_33)",
					"$(LIBRARY_SEARCH_PATHS_QUOTED_FOR_TARGET_34)",
					"$(LIBRARY_SEARCH_PATHS_QUOTED_FOR_TARGET_35)",
					"$(LIBRARY_SEARCH_PATHS_QUOTED_FOR_TARGET_36)",
					"$(LIBRARY_SEARCH_PATHS_QUOTED_FOR_TARGET_37)",
					"$(LIBRARY_SEARCH_PATHS_QUOTED_FOR_TARGET_38)",
					"$(LIBRARY_SEARCH_PATHS_QUOTED_FOR_TARGET_39)",
					"$(LIBRARY_SEARCH_PATHS_QUOTED_FOR_TARGET_40)",
					"$(LIBRARY_SEARCH_PATHS_QUOTED_FOR_TARGET_41)",
					"$(LIBRARY_SEARCH_PATHS_QUOTED_FOR_TARGET_42)",
					"$(LIBRARY_SEARCH_PATHS_QUOTED_FOR_TARGET_43)",
					"$(LIBRARY_SEARCH_PATHS_QUOTED_FOR_TARGET_44)",
					"$(LIBRARY_SEARCH_PATHS_QUOTED_FOR_TARGET_45)",
					"$(LIBRARY_SEARCH_PATHS_QUOTED_FOR_TARGET_46)",
					"$(LIBRARY_SEARCH_PATHS_QUOTED_FOR_TARGET_47)",
					"$(LIBRARY_SEARCH_PATHS_QUOTED_FOR_TARGET_48)",
					"$(LIBRARY_SEARCH_PATHS_QUOTED_FOR_TARGET_49)",
					"$(LIBRARY_SEARCH_PATHS_QUOTED_FOR_TARGET_50)",
					"$(LIBRARY_SEARCH_PATHS_QUOTED_FOR_TARGET_51)",
					"$(LIBRARY_SEARCH_PATHS_QUOTED_FOR_TARGET_52)",
					"\"$(SRCROOT)/addons/ofxHttpServer/libs/microhttpd/lib/linux\"",
					"\"$(SRCROOT)/addons/ofxHttpServer/libs/microhttpd/lib/linux64\"",
					"\"$(SRCROOT)/addons/ofxHttpServer/libs/microhttpd/lib/macosx\"",
					"\"$(SRCROOT)/addons/ofxHttpServer/libs/microhttpd/lib/win32\"",
					"\"$(SRCROOT)/../../../../../../Downloads/tmp\"",
					"\"$(SRCROOT)/../../../libs/openFrameworksCompiled/lib/osx\"",
				);
				ONLY_ACTIVE_ARCH = YES;
				PRODUCT_NAME = Doodle3DDebug;
				VALID_ARCHS = i386;
				WRAPPER_EXTENSION = app;
			};
			name = Debug;
		};
		E4B69B610A3A1757003C02F2 /* Release */ = {
			isa = XCBuildConfiguration;
			buildSettings = {
				COMBINE_HIDPI_IMAGES = YES;
				COPY_PHASE_STRIP = YES;
				FRAMEWORK_SEARCH_PATHS = (
					"$(inherited)",
					"$(FRAMEWORK_SEARCH_PATHS_QUOTED_FOR_TARGET_1)",
				);
				FRAMEWORK_SEARCH_PATHS_QUOTED_FOR_TARGET_1 = "\"$(SRCROOT)/../../../libs/glut/lib/osx\"";
				GCC_GENERATE_DEBUGGING_SYMBOLS = NO;
				GCC_MODEL_TUNING = G4;
				GCC_PRECOMPILE_PREFIX_HEADER = YES;
				GCC_PREFIX_HEADER = "$(SYSTEM_LIBRARY_DIR)/Frameworks/Carbon.framework/Headers/Carbon.h";
				INFOPLIST_FILE = "openFrameworks-Info.plist";
				INSTALL_PATH = "$(HOME)/Applications";
				LIBRARY_SEARCH_PATHS = (
					"$(inherited)",
					"$(LIBRARY_SEARCH_PATHS_QUOTED_FOR_TARGET_1)",
					"$(LIBRARY_SEARCH_PATHS_QUOTED_FOR_TARGET_2)",
					"$(LIBRARY_SEARCH_PATHS_QUOTED_FOR_TARGET_3)",
					"$(LIBRARY_SEARCH_PATHS_QUOTED_FOR_TARGET_4)",
					"$(LIBRARY_SEARCH_PATHS_QUOTED_FOR_TARGET_5)",
					"$(LIBRARY_SEARCH_PATHS_QUOTED_FOR_TARGET_6)",
					"$(LIBRARY_SEARCH_PATHS_QUOTED_FOR_TARGET_7)",
					"$(LIBRARY_SEARCH_PATHS_QUOTED_FOR_TARGET_8)",
					"$(LIBRARY_SEARCH_PATHS_QUOTED_FOR_TARGET_9)",
					"$(LIBRARY_SEARCH_PATHS_QUOTED_FOR_TARGET_10)",
					"$(LIBRARY_SEARCH_PATHS_QUOTED_FOR_TARGET_11)",
					"$(LIBRARY_SEARCH_PATHS_QUOTED_FOR_TARGET_12)",
					"$(LIBRARY_SEARCH_PATHS_QUOTED_FOR_TARGET_13)",
					"$(LIBRARY_SEARCH_PATHS_QUOTED_FOR_TARGET_14)",
					"$(LIBRARY_SEARCH_PATHS_QUOTED_FOR_TARGET_15)",
					"$(LIBRARY_SEARCH_PATHS_QUOTED_FOR_TARGET_2)",
					"$(LIBRARY_SEARCH_PATHS_QUOTED_1)",
					"$(LIBRARY_SEARCH_PATHS_QUOTED_FOR_TARGET_3)",
					"$(LIBRARY_SEARCH_PATHS_QUOTED_FOR_TARGET_7)",
					"$(LIBRARY_SEARCH_PATHS_QUOTED_FOR_TARGET_8)",
					"$(LIBRARY_SEARCH_PATHS_QUOTED_FOR_TARGET_9)",
					"$(LIBRARY_SEARCH_PATHS_QUOTED_FOR_TARGET_10)",
					"$(LIBRARY_SEARCH_PATHS_QUOTED_FOR_TARGET_11)",
					"$(LIBRARY_SEARCH_PATHS_QUOTED_FOR_TARGET_12)",
					"$(LIBRARY_SEARCH_PATHS_QUOTED_FOR_TARGET_13)",
					"$(LIBRARY_SEARCH_PATHS_QUOTED_FOR_TARGET_16)",
					"$(LIBRARY_SEARCH_PATHS_QUOTED_FOR_TARGET_17)",
					"$(LIBRARY_SEARCH_PATHS_QUOTED_FOR_TARGET_18)",
					"$(LIBRARY_SEARCH_PATHS_QUOTED_FOR_TARGET_19)",
					"$(LIBRARY_SEARCH_PATHS_QUOTED_FOR_TARGET_20)",
					"$(LIBRARY_SEARCH_PATHS_QUOTED_FOR_TARGET_21)",
					"$(LIBRARY_SEARCH_PATHS_QUOTED_FOR_TARGET_22)",
					"$(LIBRARY_SEARCH_PATHS_QUOTED_FOR_TARGET_23)",
					"$(LIBRARY_SEARCH_PATHS_QUOTED_FOR_TARGET_24)",
					"$(LIBRARY_SEARCH_PATHS_QUOTED_FOR_TARGET_25)",
					"$(LIBRARY_SEARCH_PATHS_QUOTED_FOR_TARGET_26)",
					"$(LIBRARY_SEARCH_PATHS_QUOTED_FOR_TARGET_27)",
					"$(LIBRARY_SEARCH_PATHS_QUOTED_FOR_TARGET_28)",
					"$(LIBRARY_SEARCH_PATHS_QUOTED_FOR_TARGET_29)",
					"$(LIBRARY_SEARCH_PATHS_QUOTED_FOR_TARGET_30)",
					"$(LIBRARY_SEARCH_PATHS_QUOTED_FOR_TARGET_31)",
					"$(LIBRARY_SEARCH_PATHS_QUOTED_FOR_TARGET_32)",
					"$(LIBRARY_SEARCH_PATHS_QUOTED_FOR_TARGET_33)",
					"$(LIBRARY_SEARCH_PATHS_QUOTED_FOR_TARGET_34)",
					"$(LIBRARY_SEARCH_PATHS_QUOTED_FOR_TARGET_35)",
					"$(LIBRARY_SEARCH_PATHS_QUOTED_FOR_TARGET_36)",
					"$(LIBRARY_SEARCH_PATHS_QUOTED_FOR_TARGET_37)",
					"$(LIBRARY_SEARCH_PATHS_QUOTED_FOR_TARGET_38)",
					"$(LIBRARY_SEARCH_PATHS_QUOTED_FOR_TARGET_39)",
					"$(LIBRARY_SEARCH_PATHS_QUOTED_FOR_TARGET_40)",
					"$(LIBRARY_SEARCH_PATHS_QUOTED_FOR_TARGET_41)",
					"$(LIBRARY_SEARCH_PATHS_QUOTED_FOR_TARGET_42)",
					"$(LIBRARY_SEARCH_PATHS_QUOTED_FOR_TARGET_43)",
					"$(LIBRARY_SEARCH_PATHS_QUOTED_FOR_TARGET_44)",
					"$(LIBRARY_SEARCH_PATHS_QUOTED_FOR_TARGET_45)",
					"$(LIBRARY_SEARCH_PATHS_QUOTED_FOR_TARGET_46)",
					"$(LIBRARY_SEARCH_PATHS_QUOTED_FOR_TARGET_47)",
					"$(LIBRARY_SEARCH_PATHS_QUOTED_FOR_TARGET_48)",
					"$(LIBRARY_SEARCH_PATHS_QUOTED_FOR_TARGET_49)",
					"$(LIBRARY_SEARCH_PATHS_QUOTED_FOR_TARGET_50)",
					"$(LIBRARY_SEARCH_PATHS_QUOTED_FOR_TARGET_51)",
					"\"$(SRCROOT)/addons/ofxHttpServer/libs/microhttpd/lib/linux\"",
					"\"$(SRCROOT)/addons/ofxHttpServer/libs/microhttpd/lib/linux64\"",
					"\"$(SRCROOT)/addons/ofxHttpServer/libs/microhttpd/lib/macosx\"",
					"\"$(SRCROOT)/addons/ofxHttpServer/libs/microhttpd/lib/win32\"",
					"\"$(SRCROOT)/../../../../../../Downloads/tmp\"",
					"\"$(SRCROOT)/../../../libs/openFrameworksCompiled/lib/osx\"",
				);
				ONLY_ACTIVE_ARCH = YES;
				PRODUCT_NAME = Doodle3D;
				VALID_ARCHS = i386;
				WRAPPER_EXTENSION = app;
			};
			name = Release;
		};
/* End XCBuildConfiguration section */

/* Begin XCConfigurationList section */
		E4B69B4D0A3A1720003C02F2 /* Build configuration list for PBXProject "Doodle3D" */ = {
			isa = XCConfigurationList;
			buildConfigurations = (
				E4B69B4E0A3A1720003C02F2 /* Debug */,
				E4B69B4F0A3A1720003C02F2 /* Release */,
			);
			defaultConfigurationIsVisible = 0;
			defaultConfigurationName = Release;
		};
		E4B69B5F0A3A1757003C02F2 /* Build configuration list for PBXNativeTarget "Doodle3D" */ = {
			isa = XCConfigurationList;
			buildConfigurations = (
				E4B69B600A3A1757003C02F2 /* Debug */,
				E4B69B610A3A1757003C02F2 /* Release */,
			);
			defaultConfigurationIsVisible = 0;
			defaultConfigurationName = Release;
		};
/* End XCConfigurationList section */
	};
	rootObject = E4B69B4C0A3A1720003C02F2 /* Project object */;
}
